# This file is autogenerated, do not edit; changes may be undone by the next 'dep ensure'.


[[projects]]
  name = "github.com/asaskevich/govalidator"
  packages = ["."]
  revision = "ccb8e960c48f04d6935e72476ae4a51028f9e22f"
  version = "v9"

[[projects]]
  name = "github.com/aws/aws-lambda-go"
  packages = ["lambda","lambda/messages","lambdacontext"]
  revision = "4d30d0ff60440c2d0480a15747c96ee71c3c53d4"
  version = "v1.2.0"

[[projects]]
  name = "github.com/sendgrid/rest"
  packages = ["."]
  revision = "306b9bef57dc36f3435ccfcc08fe6ae2c6920344"
  version = "v2.4.1"

[[projects]]
  name = "github.com/sendgrid/sendgrid-go"
  packages = [".","helpers/mail"]
  revision = "8caf17aa96b4a98bae8bd216878dd50ff12897b5"
  version = "v3.4.1"

[solve-meta]
  analyzer-name = "dep"
  analyzer-version = 1
  inputs-digest = "90410d20cfac77956fd2b6bd54fb831fc55e20407d6706df4ee139717337f929"
  solver-name = "gps-cdcl"
  solver-version = 1
